<?xml version="1.0" encoding="UTF-8"?>
<CONFIG>
  <ProjectOptions>
    <Version Value="9"/>
    <PathDelim Value="\"/>
    <General>
      <SessionStorage Value="InProjectDir"/>
      <MainUnit Value="0"/>
      <Title Value="Vieira OBS"/>
      <ResourceType Value="res"/>
      <UseXPManifest Value="True"/>
      <Icon Value="0"/>
    </General>
    <i18n>
      <EnableI18N LFM="False"/>
    </i18n>
    <VersionInfo>
      <UseVersionInfo Value="True"/>
      <MajorVersionNr Value="1"/>
      <Language Value="040A"/>
      <StringTable CompanyName="INIDEP" FileDescription="Aplicación para el registro de datos de muestreo a bordo de buques destinados a Vieira " LegalCopyright="Copyright © 2015 - Daniel Di Tullio - danieldt2000@hotmail.com" OriginalFilename="VieiraOBS.exe" ProductName="Vieira OBS" ProductVersion="0.5"/>
    </VersionInfo>
    <CustomData Count="3">
      <Item0 Name="DataDict/Active" Value="1"/>
      <Item1 Name="DataDict/FileName" Value="D:\Desarrollo\Lazarus\Vieira\Vieira"/>
      <Item2 Name="DataDict/KnownDict" Value="Vieira"/>
    </CustomData>
    <BuildModes Count="2">
      <Item1 Name="Default" Default="True"/>
      <Item2 Name="Release">
        <CompilerOptions>
          <Version Value="11"/>
          <PathDelim Value="\"/>
          <Target>
            <Filename Value="VieiraOBS"/>
          </Target>
          <SearchPaths>
            <IncludeFiles Value="$(ProjOutDir)"/>
            <OtherUnitFiles Value="..\..\Componentes\daniel;..\Componentes\daniel"/>
            <UnitOutputDirectory Value="lib\$(TargetCPU)-$(TargetOS)"/>
          </SearchPaths>
          <Linking>
            <Debugging>
              <GenerateDebugInfo Value="False"/>
            </Debugging>
            <Options>
              <Win32>
                <GraphicApplication Value="True"/>
              </Win32>
            </Options>
          </Linking>
        </CompilerOptions>
      </Item2>
    </BuildModes>
    <PublishOptions>
      <Version Value="2"/>
    </PublishOptions>
    <RunParams>
      <local>
        <FormatVersion Value="1"/>
      </local>
    </RunParams>
    <RequiredPackages Count="22">
      <Item1>
        <PackageName Value="pl_orpheus"/>
      </Item1>
      <Item2>
        <PackageName Value="pl_exsystem"/>
      </Item2>
      <Item3>
        <PackageName Value="LazUtils"/>
      </Item3>
      <Item4>
        <PackageName Value="pl_abbrevia"/>
      </Item4>
      <Item5>
        <PackageName Value="lr_DialogDesign"/>
      </Item5>
      <Item6>
        <PackageName Value="lr_imgexport"/>
      </Item6>
      <Item7>
        <PackageName Value="lr_pdfexport"/>
      </Item7>
      <Item8>
        <PackageName Value="lazreport"/>
      </Item8>
      <Item9>
        <PackageName Value="pl_fortesreport"/>
      </Item9>
      <Item10>
        <PackageName Value="pl_jujiboutils"/>
      </Item10>
      <Item11>
        <PackageName Value="pl_fzcontrols"/>
      </Item11>
      <Item12>
        <PackageName Value="TAChartLazarusPkg"/>
      </Item12>
      <Item13>
        <PackageName Value="pl_rx"/>
      </Item13>
      <Item14>
        <PackageName Value="pl_zeosdbo"/>
      </Item14>
      <Item15>
        <PackageName Value="pl_lazsolutions"/>
      </Item15>
      <Item16>
        <PackageName Value="FCL"/>
      </Item16>
      <Item17>
        <PackageName Value="mis_componentes"/>
      </Item17>
      <Item18>
        <PackageName Value="DateTimeCtrls"/>
      </Item18>
      <Item19>
        <PackageName Value="IDEIntf"/>
      </Item19>
      <Item20>
        <PackageName Value="LazControls"/>
      </Item20>
      <Item21>
        <PackageName Value="SQLDBLaz"/>
      </Item21>
      <Item22>
        <PackageName Value="LCL"/>
      </Item22>
    </RequiredPackages>
    <Units Count="39">
      <Unit0>
        <Filename Value="VieiraOBS.lpr"/>
        <IsPartOfProject Value="True"/>
      </Unit0>
      <Unit1>
        <Filename Value="frmprincipal.pas"/>
        <IsPartOfProject Value="True"/>
        <ComponentName Value="fmPrincipal"/>
        <HasResources Value="True"/>
        <ResourceBaseClass Value="Form"/>
        <UnitName Value="frmPrincipal"/>
      </Unit1>
      <Unit2>
        <Filename Value="frlances.pas"/>
        <IsPartOfProject Value="True"/>
        <ComponentName Value="fLances"/>
        <HasResources Value="True"/>
        <ResourceBaseClass Value="Frame"/>
      </Unit2>
      <Unit3>
        <Filename Value="datgeneral.pas"/>
        <IsPartOfProject Value="True"/>
        <ComponentName Value="dmGeneral"/>
        <HasResources Value="True"/>
        <ResourceBaseClass Value="DataModule"/>
        <UnitName Value="datGeneral"/>
      </Unit3>
      <Unit4>
        <Filename Value="frmbase.pas"/>
        <IsPartOfProject Value="True"/>
        <ComponentName Value="fmBase"/>
        <HasResources Value="True"/>
        <ResourceBaseClass Value="Form"/>
      </Unit4>
      <Unit5>
        <Filename Value="frmlistabase.pas"/>
        <IsPartOfProject Value="True"/>
        <ComponentName Value="fmListaBase"/>
        <HasResources Value="True"/>
        <ResourceBaseClass Value="Form"/>
      </Unit5>
      <Unit6>
        <Filename Value="frmmareas.pas"/>
        <IsPartOfProject Value="True"/>
        <ComponentName Value="fmMareas"/>
        <HasResources Value="True"/>
        <ResourceBaseClass Value="Form"/>
      </Unit6>
      <Unit7>
        <Filename Value="frmzedicionbase.pas"/>
        <IsPartOfProject Value="True"/>
        <ComponentName Value="ZEdicionBase"/>
        <HasResources Value="True"/>
        <ResourceBaseClass Value="Form"/>
      </Unit7>
      <Unit8>
        <Filename Value="frmeditarmarea.pas"/>
        <IsPartOfProject Value="True"/>
        <ComponentName Value="fmEditarMarea"/>
        <HasResources Value="True"/>
        <ResourceBaseClass Value="Form"/>
        <UnitName Value="frmEditarMarea"/>
      </Unit8>
      <Unit9>
        <Filename Value="frmrindes.pas"/>
        <IsPartOfProject Value="True"/>
        <ComponentName Value="fmRindes"/>
        <HasResources Value="True"/>
        <ResourceBaseClass Value="Form"/>
      </Unit9>
      <Unit10>
        <Filename Value="frmeditarrindes.pas"/>
        <IsPartOfProject Value="True"/>
        <ComponentName Value="fmEditarRindes"/>
        <HasResources Value="True"/>
        <ResourceBaseClass Value="Form"/>
      </Unit10>
      <Unit11>
        <Filename Value="frmcoccion.pas"/>
        <IsPartOfProject Value="True"/>
        <ComponentName Value="fmCoccion"/>
        <HasResources Value="True"/>
        <ResourceBaseClass Value="Form"/>
      </Unit11>
      <Unit12>
        <Filename Value="frmeditarcoccion.pas"/>
        <IsPartOfProject Value="True"/>
        <ComponentName Value="fmEditarCoccion"/>
        <HasResources Value="True"/>
        <ResourceBaseClass Value="Form"/>
      </Unit12>
      <Unit13>
        <Filename Value="frmmuestrasbiologicas.pas"/>
        <IsPartOfProject Value="True"/>
        <ComponentName Value="fmMuestrasBiologicas"/>
        <HasResources Value="True"/>
        <ResourceBaseClass Value="Form"/>
      </Unit13>
      <Unit14>
        <Filename Value="frmeditarmuestrasbiologicas.pas"/>
        <IsPartOfProject Value="True"/>
        <ComponentName Value="fmEditarMuestrasBiologicas"/>
        <HasResources Value="True"/>
        <ResourceBaseClass Value="Form"/>
      </Unit14>
      <Unit15>
        <Filename Value="frmdanio.pas"/>
        <IsPartOfProject Value="True"/>
        <ComponentName Value="fmDanio"/>
        <HasResources Value="True"/>
        <ResourceBaseClass Value="Form"/>
      </Unit15>
      <Unit16>
        <Filename Value="frmeditardanio.pas"/>
        <IsPartOfProject Value="True"/>
        <ComponentName Value="fmEditarDanio"/>
        <HasResources Value="True"/>
        <ResourceBaseClass Value="Form"/>
        <UnitName Value="frmeditardanio"/>
      </Unit16>
      <Unit17>
        <Filename Value="frmbycatch.pas"/>
        <IsPartOfProject Value="True"/>
        <ComponentName Value="fmByCatch"/>
        <HasResources Value="True"/>
        <ResourceBaseClass Value="Form"/>
      </Unit17>
      <Unit18>
        <Filename Value="datbycatch.pas"/>
        <IsPartOfProject Value="True"/>
        <ComponentName Value="dmByCatch"/>
        <HasResources Value="True"/>
        <ResourceBaseClass Value="DataModule"/>
        <UnitName Value="datbycatch"/>
      </Unit18>
      <Unit19>
        <Filename Value="frmeditarbycatch.pas"/>
        <IsPartOfProject Value="True"/>
        <ComponentName Value="fmEditarByCatch"/>
        <HasResources Value="True"/>
        <ResourceBaseClass Value="Form"/>
        <UnitName Value="frmeditarbycatch"/>
      </Unit19>
      <Unit20>
        <Filename Value="datbase.pas"/>
        <IsPartOfProject Value="True"/>
        <ComponentName Value="DmBase"/>
        <HasResources Value="True"/>
        <ResourceBaseClass Value="DataModule"/>
      </Unit20>
      <Unit21>
        <Filename Value="frmeditardetallebycatch.pas"/>
        <IsPartOfProject Value="True"/>
        <ComponentName Value="fmEditarDetalleByCatch"/>
        <HasResources Value="True"/>
        <ResourceBaseClass Value="Form"/>
        <UnitName Value="frmeditardetallebycatch"/>
      </Unit21>
      <Unit22>
        <Filename Value="frmtallas.pas"/>
        <IsPartOfProject Value="True"/>
        <ComponentName Value="fmTallas"/>
        <HasResources Value="True"/>
        <ResourceBaseClass Value="Form"/>
      </Unit22>
      <Unit23>
        <Filename Value="dattallas.pas"/>
        <IsPartOfProject Value="True"/>
        <ComponentName Value="dmTallas"/>
        <HasResources Value="True"/>
        <ResourceBaseClass Value="DataModule"/>
        <UnitName Value="dattallas"/>
      </Unit23>
      <Unit24>
        <Filename Value="frmeditartallas.pas"/>
        <IsPartOfProject Value="True"/>
        <ComponentName Value="fmEditarTallas"/>
        <HasResources Value="True"/>
        <ResourceBaseClass Value="Form"/>
        <UnitName Value="frmeditartallas"/>
      </Unit24>
      <Unit25>
        <Filename Value="frmeditardetalletallas.pas"/>
        <IsPartOfProject Value="True"/>
        <ComponentName Value="fmEditarDetalleTallas"/>
        <HasResources Value="True"/>
        <ResourceBaseClass Value="Form"/>
      </Unit25>
      <Unit26>
        <Filename Value="frmeditarlances.pas"/>
        <IsPartOfProject Value="True"/>
        <ComponentName Value="fmEditarLances"/>
        <HasResources Value="True"/>
        <ResourceBaseClass Value="Form"/>
        <UnitName Value="frmeditarlances"/>
      </Unit26>
      <Unit27>
        <Filename Value="frmlances.pas"/>
        <IsPartOfProject Value="True"/>
        <ComponentName Value="fmLances"/>
        <HasResources Value="True"/>
        <ResourceBaseClass Value="Form"/>
        <UnitName Value="frmlances"/>
      </Unit27>
      <Unit28>
        <Filename Value="funciones.pas"/>
        <IsPartOfProject Value="True"/>
      </Unit28>
      <Unit29>
        <Filename Value="frminformes.pas"/>
        <IsPartOfProject Value="True"/>
        <ComponentName Value="fmInformes"/>
        <HasResources Value="True"/>
        <ResourceBaseClass Value="Form"/>
        <UnitName Value="frminformes"/>
      </Unit29>
      <Unit30>
        <Filename Value="frmmuestrassenasa.pas"/>
        <IsPartOfProject Value="True"/>
        <ComponentName Value="fmMuestrasSenasa"/>
        <HasResources Value="True"/>
        <ResourceBaseClass Value="Form"/>
        <UnitName Value="frmmuestrassenasa"/>
      </Unit30>
      <Unit31>
        <Filename Value="frmrptdatospuente.pas"/>
        <IsPartOfProject Value="True"/>
        <ComponentName Value="FmRptDatosPuente"/>
        <HasResources Value="True"/>
        <ResourceBaseClass Value="Form"/>
      </Unit31>
      <Unit32>
        <Filename Value="frmeditarsenasacallos.pas"/>
        <IsPartOfProject Value="True"/>
        <ComponentName Value="fmEditarSenasaCallos"/>
        <HasResources Value="True"/>
        <ResourceBaseClass Value="Form"/>
      </Unit32>
      <Unit33>
        <Filename Value="frmeditarsenasaentera.pas"/>
        <IsPartOfProject Value="True"/>
        <ComponentName Value="FmEditarSenasaEntera"/>
        <HasResources Value="True"/>
        <ResourceBaseClass Value="Form"/>
      </Unit33>
      <Unit34>
        <Filename Value="frmSplashScreenForm.pas"/>
        <IsPartOfProject Value="True"/>
        <ComponentName Value="SplashScreenForm"/>
        <HasResources Value="True"/>
        <ResourceBaseClass Value="Form"/>
        <UnitName Value="frmSplashScreenForm"/>
      </Unit34>
      <Unit35>
        <Filename Value="UHojaCalc.pas"/>
        <IsPartOfProject Value="True"/>
      </Unit35>
      <Unit36>
        <Filename Value="frmmuestrasrayas.pas"/>
        <IsPartOfProject Value="True"/>
        <ComponentName Value="fmMuestrasRayas"/>
        <HasResources Value="True"/>
        <ResourceBaseClass Value="Form"/>
      </Unit36>
      <Unit37>
        <Filename Value="frmeditarrayas.pas"/>
        <IsPartOfProject Value="True"/>
        <ComponentName Value="fmEditarRayas"/>
        <HasResources Value="True"/>
        <ResourceBaseClass Value="Form"/>
      </Unit37>
      <Unit38>
        <Filename Value="frmbackup.pas"/>
        <IsPartOfProject Value="True"/>
        <ComponentName Value="fmBackup"/>
        <HasResources Value="True"/>
        <ResourceBaseClass Value="Form"/>
        <UnitName Value="frmbackup"/>
      </Unit38>
    </Units>
  </ProjectOptions>
  <CompilerOptions>
    <Version Value="11"/>
    <PathDelim Value="\"/>
    <Target>
      <Filename Value="VieiraOBS"/>
    </Target>
    <SearchPaths>
      <IncludeFiles Value="$(ProjOutDir)"/>
      <OtherUnitFiles Value="..\..\Componentes\daniel;..\Componentes\daniel"/>
      <UnitOutputDirectory Value="lib\$(TargetCPU)-$(TargetOS)"/>
    </SearchPaths>
    <Linking>
      <Options>
        <Win32>
          <GraphicApplication Value="True"/>
        </Win32>
      </Options>
    </Linking>
  </CompilerOptions>
  <Debugging>
    <Exceptions Count="3">
      <Item1>
        <Name Value="EAbort"/>
      </Item1>
      <Item2>
        <Name Value="ECodetoolError"/>
      </Item2>
      <Item3>
        <Name Value="EFOpenError"/>
      </Item3>
    </Exceptions>
  </Debugging>
</CONFIG>
